
Microsoft Visual Studio Solution File, Format Version 12.00
# Visual Studio Version 17
VisualStudioVersion = 17.1.32210.238
MinimumVisualStudioVersion = 10.0.40219.1
Project("{FAE04EC0-301F-11D3-BF4B-00C04F79EFBC}") = "Modalmodel", "Modalmodel\Modalmodel.csproj", "{5B2C87D0-5282-4D46-9449-03C22A9F2A09}"
EndProject
Global
	GlobalSection(SolutionConfigurationPlatforms) = preSolution
		Debug|Any CPU = Debug|Any CPU
		Release|Any CPU = Release|Any CPU
	EndGlobalSection
	GlobalSection(ProjectConfigurationPlatforms) = postSolution
		{5B2C87D0-5282-4D46-9449-03C22A9F2A09}.Debug|Any CPU.ActiveCfg = Debug|Any CPU
		{5B2C87D0-5282-4D46-9449-03C22A9F2A09}.Debug|Any CPU.Build.0 = Debug|Any CPU
		{5B2C87D0-5282-4D46-9449-03C22A9F2A09}.Release|Any CPU.ActiveCfg = Release|Any CPU
		{5B2C87D0-5282-4D46-9449-03C22A9F2A09}.Release|Any CPU.Build.0 = Release|Any CPU
	EndGlobalSection
	GlobalSection(SolutionProperties) = preSolution
		HideSolutionNode = FALSE
	EndGlobalSection
	GlobalSection(ExtensibilityGlobals) = postSolution
		SolutionGuid = {3CA5B9D4-E61C-4BAE-B5D9-E76C0A96D841}
	EndGlobalSection
EndGlobal
